{
    "version": 3,
    "terraform_version": "0.11.8",
    "serial": 7,
    "lineage": "059ff657-ba38-4f91-4611-640a81d7467a",
    "modules": [
        {
            "path": [
                "root"
            ],
            "outputs": {},
            "resources": {
                "aws_instance.example": {
                    "type": "aws_instance",
                    "depends_on": [],
                    "primary": {
                        "id": "i-04be908948f0a128a",
                        "attributes": {
                            "ami": "ami-0a313d6098716f372",
                            "arn": "arn:aws:ec2:us-east-1:025846726313:instance/i-04be908948f0a128a",
                            "associate_public_ip_address": "true",
                            "availability_zone": "us-east-1b",
                            "cpu_core_count": "1",
                            "cpu_threads_per_core": "1",
                            "credit_specification.#": "1",
                            "credit_specification.0.cpu_credits": "standard",
                            "disable_api_termination": "false",
                            "ebs_block_device.#": "0",
                            "ebs_optimized": "false",
                            "ephemeral_block_device.#": "0",
                            "get_password_data": "false",
                            "iam_instance_profile": "",
                            "id": "i-04be908948f0a128a",
                            "instance_state": "running",
                            "instance_type": "t2.micro",
                            "ipv6_addresses.#": "0",
                            "key_name": "AWS EC2 Key Pair",
                            "monitoring": "false",
                            "network_interface.#": "0",
                            "network_interface_id": "eni-05eff68784f9606c8",
                            "password_data": "",
                            "placement_group": "",
                            "primary_network_interface_id": "eni-05eff68784f9606c8",
                            "private_dns": "ip-172-31-85-48.ec2.internal",
                            "private_ip": "172.31.85.48",
                            "public_dns": "ec2-18-204-21-26.compute-1.amazonaws.com",
                            "public_ip": "18.204.21.26",
                            "root_block_device.#": "1",
                            "root_block_device.0.delete_on_termination": "true",
                            "root_block_device.0.iops": "100",
                            "root_block_device.0.volume_id": "vol-05233f8c0a8f28612",
                            "root_block_device.0.volume_size": "8",
                            "root_block_device.0.volume_type": "gp2",
                            "security_groups.#": "1",
                            "security_groups.3814588639": "default",
                            "source_dest_check": "true",
                            "subnet_id": "subnet-3a2d5314",
                            "tags.%": "1",
                            "tags.Name": "test-instance",
                            "tenancy": "default",
                            "volume_tags.%": "0",
                            "vpc_security_group_ids.#": "1",
                            "vpc_security_group_ids.1305418305": "sg-bdd9bbfa"
                        },
                        "meta": {
                            "e2bfb730-ecaa-11e6-8f88-34363bc7c4c0": {
                                "create": 600000000000,
                                "delete": 1200000000000,
                                "update": 600000000000
                            },
                            "schema_version": "1"
                        },
                        "tainted": false
                    },
                    "deposed": [],
                    "provider": "provider.aws"
                }
            },
            "depends_on": []
        }
    ]
}
